
Microsoft Visual Studio Solution File, Format Version 12.00
# Visual Studio 15
VisualStudioVersion = 15.0.27703.2047
MinimumVisualStudioVersion = 10.0.40219.1
Project("{FAE04EC0-301F-11D3-BF4B-00C04F79EFBC}") = "PostcodeParser", "PostcodeParser\PostcodeParser.csproj", "{33715E2B-8B39-4922-BB9B-D68146D40A92}"
EndProject
Project("{FAE04EC0-301F-11D3-BF4B-00C04F79EFBC}") = "PostcodeParser.Test", "PostcodeParser.Test\PostcodeParser.Test.csproj", "{E00D5A9B-AC23-4E5F-9F19-C05163C6F3C5}"
EndProject
Global
	GlobalSection(SolutionConfigurationPlatforms) = preSolution
		Debug|Any CPU = Debug|Any CPU
		Release|Any CPU = Release|Any CPU
	EndGlobalSection
	GlobalSection(ProjectConfigurationPlatforms) = postSolution
		{33715E2B-8B39-4922-BB9B-D68146D40A92}.Debug|Any CPU.ActiveCfg = Debug|Any CPU
		{33715E2B-8B39-4922-BB9B-D68146D40A92}.Debug|Any CPU.Build.0 = Debug|Any CPU
		{33715E2B-8B39-4922-BB9B-D68146D40A92}.Release|Any CPU.ActiveCfg = Release|Any CPU
		{33715E2B-8B39-4922-BB9B-D68146D40A92}.Release|Any CPU.Build.0 = Release|Any CPU
		{E00D5A9B-AC23-4E5F-9F19-C05163C6F3C5}.Debug|Any CPU.ActiveCfg = Debug|Any CPU
		{E00D5A9B-AC23-4E5F-9F19-C05163C6F3C5}.Debug|Any CPU.Build.0 = Debug|Any CPU
		{E00D5A9B-AC23-4E5F-9F19-C05163C6F3C5}.Release|Any CPU.ActiveCfg = Release|Any CPU
		{E00D5A9B-AC23-4E5F-9F19-C05163C6F3C5}.Release|Any CPU.Build.0 = Release|Any CPU
	EndGlobalSection
	GlobalSection(SolutionProperties) = preSolution
		HideSolutionNode = FALSE
	EndGlobalSection
	GlobalSection(ExtensibilityGlobals) = postSolution
		SolutionGuid = {EC1C14B1-B858-4D3C-8099-84F7B9FAD313}
	EndGlobalSection
EndGlobal
